{
  "originHash" : "c00a4991ce65ee525d3019ff209ac6b35b4f5a2a5577374521c9b1f23b321547",
  "pins" : [
    {
      "identity" : "swift-cmark",
      "kind" : "remoteSourceControl",
      "location" : "https://github.com/swiftlang/swift-cmark.git",
      "state" : {
        "revision" : "0c8947bbd58c491c54aae114aca40621cddc8357"
      }
    },
    {
      "identity" : "swiftmath",
      "kind" : "remoteSourceControl",
      "location" : "https://github.com/mgriebling/SwiftMath.git",
      "state" : {
        "revision" : "fa8244ed032f4a1ade4cb0571bf87d2f1a9fd2d7",
        "version" : "1.7.3"
      }
    }
  ],
  "version" : 3
}
