{
  "originHash" : "ee86fda74efc61e7cf0e657c683b3a0105befa67046d7b9095b0c8aa2aa68036",
  "pins" : [
    {
      "identity" : "swift-cmark",
      "kind" : "remoteSourceControl",
      "location" : "https://github.com/swiftlang/swift-cmark.git",
      "state" : {
        "revision" : "0c8947bbd58c491c54aae114aca40621cddc8357"
      }
    }
  ],
  "version" : 3
}
